
Microsoft Visual Studio Solution File, Format Version 12.00
# Visual Studio Version 16
VisualStudioVersion = 16.0.30523.141
MinimumVisualStudioVersion = 10.0.40219.1
Project("{9A19103F-16F7-4668-BE54-9A1E7A4F7556}") = "WebAPI", "WebAPI.csproj", "{4CA11F2E-B96F-44E4-817E-3DCD0A1AC5BF}"
EndProject
Project("{FAE04EC0-301F-11D3-BF4B-00C04F79EFBC}") = "Ursu_Alexandra_L12.Android", "..\Ursu_Alexandra_L12\Ursu_Alexandra_L12.Android\Ursu_Alexandra_L12.Android.csproj", "{33E8935A-C550-41F6-8913-D0CB43EBABB1}"
EndProject
Project("{FAE04EC0-301F-11D3-BF4B-00C04F79EFBC}") = "Ursu_Alexandra_L12.iOS", "..\Ursu_Alexandra_L12\Ursu_Alexandra_L12.iOS\Ursu_Alexandra_L12.iOS.csproj", "{494C8630-69A6-4FC5-B8AE-0545747C15A7}"
EndProject
Project("{FAE04EC0-301F-11D3-BF4B-00C04F79EFBC}") = "Ursu_Alexandra_L12", "..\Ursu_Alexandra_L12\Ursu_Alexandra_L12\Ursu_Alexandra_L12.csproj", "{35936813-258A-42B7-8B12-3F78ED6913B5}"
EndProject
Global
	GlobalSection(SolutionConfigurationPlatforms) = preSolution
		Debug|Any CPU = Debug|Any CPU
		Debug|iPhone = Debug|iPhone
		Debug|iPhoneSimulator = Debug|iPhoneSimulator
		Release|Any CPU = Release|Any CPU
		Release|iPhone = Release|iPhone
		Release|iPhoneSimulator = Release|iPhoneSimulator
	EndGlobalSection
	GlobalSection(ProjectConfigurationPlatforms) = postSolution
		{4CA11F2E-B96F-44E4-817E-3DCD0A1AC5BF}.Debug|Any CPU.ActiveCfg = Debug|Any CPU
		{4CA11F2E-B96F-44E4-817E-3DCD0A1AC5BF}.Debug|Any CPU.Build.0 = Debug|Any CPU
		{4CA11F2E-B96F-44E4-817E-3DCD0A1AC5BF}.Debug|iPhone.ActiveCfg = Debug|Any CPU
		{4CA11F2E-B96F-44E4-817E-3DCD0A1AC5BF}.Debug|iPhone.Build.0 = Debug|Any CPU
		{4CA11F2E-B96F-44E4-817E-3DCD0A1AC5BF}.Debug|iPhoneSimulator.ActiveCfg = Debug|Any CPU
		{4CA11F2E-B96F-44E4-817E-3DCD0A1AC5BF}.Debug|iPhoneSimulator.Build.0 = Debug|Any CPU
		{4CA11F2E-B96F-44E4-817E-3DCD0A1AC5BF}.Release|Any CPU.ActiveCfg = Release|Any CPU
		{4CA11F2E-B96F-44E4-817E-3DCD0A1AC5BF}.Release|Any CPU.Build.0 = Release|Any CPU
		{4CA11F2E-B96F-44E4-817E-3DCD0A1AC5BF}.Release|iPhone.ActiveCfg = Release|Any CPU
		{4CA11F2E-B96F-44E4-817E-3DCD0A1AC5BF}.Release|iPhone.Build.0 = Release|Any CPU
		{4CA11F2E-B96F-44E4-817E-3DCD0A1AC5BF}.Release|iPhoneSimulator.ActiveCfg = Release|Any CPU
		{4CA11F2E-B96F-44E4-817E-3DCD0A1AC5BF}.Release|iPhoneSimulator.Build.0 = Release|Any CPU
		{33E8935A-C550-41F6-8913-D0CB43EBABB1}.Debug|Any CPU.ActiveCfg = Debug|Any CPU
		{33E8935A-C550-41F6-8913-D0CB43EBABB1}.Debug|Any CPU.Build.0 = Debug|Any CPU
		{33E8935A-C550-41F6-8913-D0CB43EBABB1}.Debug|Any CPU.Deploy.0 = Debug|Any CPU
		{33E8935A-C550-41F6-8913-D0CB43EBABB1}.Debug|iPhone.ActiveCfg = Debug|Any CPU
		{33E8935A-C550-41F6-8913-D0CB43EBABB1}.Debug|iPhone.Build.0 = Debug|Any CPU
		{33E8935A-C550-41F6-8913-D0CB43EBABB1}.Debug|iPhone.Deploy.0 = Debug|Any CPU
		{33E8935A-C550-41F6-8913-D0CB43EBABB1}.Debug|iPhoneSimulator.ActiveCfg = Debug|Any CPU
		{33E8935A-C550-41F6-8913-D0CB43EBABB1}.Debug|iPhoneSimulator.Build.0 = Debug|Any CPU
		{33E8935A-C550-41F6-8913-D0CB43EBABB1}.Debug|iPhoneSimulator.Deploy.0 = Debug|Any CPU
		{33E8935A-C550-41F6-8913-D0CB43EBABB1}.Release|Any CPU.ActiveCfg = Release|Any CPU
		{33E8935A-C550-41F6-8913-D0CB43EBABB1}.Release|Any CPU.Build.0 = Release|Any CPU
		{33E8935A-C550-41F6-8913-D0CB43EBABB1}.Release|Any CPU.Deploy.0 = Release|Any CPU
		{33E8935A-C550-41F6-8913-D0CB43EBABB1}.Release|iPhone.ActiveCfg = Release|Any CPU
		{33E8935A-C550-41F6-8913-D0CB43EBABB1}.Release|iPhone.Build.0 = Release|Any CPU
		{33E8935A-C550-41F6-8913-D0CB43EBABB1}.Release|iPhone.Deploy.0 = Release|Any CPU
		{33E8935A-C550-41F6-8913-D0CB43EBABB1}.Release|iPhoneSimulator.ActiveCfg = Release|Any CPU
		{33E8935A-C550-41F6-8913-D0CB43EBABB1}.Release|iPhoneSimulator.Build.0 = Release|Any CPU
		{33E8935A-C550-41F6-8913-D0CB43EBABB1}.Release|iPhoneSimulator.Deploy.0 = Release|Any CPU
		{494C8630-69A6-4FC5-B8AE-0545747C15A7}.Debug|Any CPU.ActiveCfg = Debug|iPhoneSimulator
		{494C8630-69A6-4FC5-B8AE-0545747C15A7}.Debug|iPhone.ActiveCfg = Debug|iPhone
		{494C8630-69A6-4FC5-B8AE-0545747C15A7}.Debug|iPhone.Build.0 = Debug|iPhone
		{494C8630-69A6-4FC5-B8AE-0545747C15A7}.Debug|iPhoneSimulator.ActiveCfg = Debug|iPhoneSimulator
		{494C8630-69A6-4FC5-B8AE-0545747C15A7}.Debug|iPhoneSimulator.Build.0 = Debug|iPhoneSimulator
		{494C8630-69A6-4FC5-B8AE-0545747C15A7}.Release|Any CPU.ActiveCfg = Release|iPhoneSimulator
		{494C8630-69A6-4FC5-B8AE-0545747C15A7}.Release|iPhone.ActiveCfg = Release|iPhone
		{494C8630-69A6-4FC5-B8AE-0545747C15A7}.Release|iPhone.Build.0 = Release|iPhone
		{494C8630-69A6-4FC5-B8AE-0545747C15A7}.Release|iPhoneSimulator.ActiveCfg = Release|iPhoneSimulator
		{494C8630-69A6-4FC5-B8AE-0545747C15A7}.Release|iPhoneSimulator.Build.0 = Release|iPhoneSimulator
		{35936813-258A-42B7-8B12-3F78ED6913B5}.Debug|Any CPU.ActiveCfg = Debug|Any CPU
		{35936813-258A-42B7-8B12-3F78ED6913B5}.Debug|Any CPU.Build.0 = Debug|Any CPU
		{35936813-258A-42B7-8B12-3F78ED6913B5}.Debug|iPhone.ActiveCfg = Debug|Any CPU
		{35936813-258A-42B7-8B12-3F78ED6913B5}.Debug|iPhone.Build.0 = Debug|Any CPU
		{35936813-258A-42B7-8B12-3F78ED6913B5}.Debug|iPhoneSimulator.ActiveCfg = Debug|Any CPU
		{35936813-258A-42B7-8B12-3F78ED6913B5}.Debug|iPhoneSimulator.Build.0 = Debug|Any CPU
		{35936813-258A-42B7-8B12-3F78ED6913B5}.Release|Any CPU.ActiveCfg = Release|Any CPU
		{35936813-258A-42B7-8B12-3F78ED6913B5}.Release|Any CPU.Build.0 = Release|Any CPU
		{35936813-258A-42B7-8B12-3F78ED6913B5}.Release|iPhone.ActiveCfg = Release|Any CPU
		{35936813-258A-42B7-8B12-3F78ED6913B5}.Release|iPhone.Build.0 = Release|Any CPU
		{35936813-258A-42B7-8B12-3F78ED6913B5}.Release|iPhoneSimulator.ActiveCfg = Release|Any CPU
		{35936813-258A-42B7-8B12-3F78ED6913B5}.Release|iPhoneSimulator.Build.0 = Release|Any CPU
	EndGlobalSection
	GlobalSection(SolutionProperties) = preSolution
		HideSolutionNode = FALSE
	EndGlobalSection
	GlobalSection(ExtensibilityGlobals) = postSolution
		SolutionGuid = {AA685447-A37B-4079-B413-5C5232E192B6}
	EndGlobalSection
EndGlobal
